
Microsoft Visual Studio Solution File, Format Version 12.00
# Visual Studio Version 17
VisualStudioVersion = 17.0.32126.317
MinimumVisualStudioVersion = 10.0.40219.1
Project("{FAE04EC0-301F-11D3-BF4B-00C04F79EFBC}") = "Server", "Server\Server.csproj", "{89FD1EC7-1E93-4E9E-B76E-2F7A8EB406E7}"
EndProject
Global
	GlobalSection(SolutionConfigurationPlatforms) = preSolution
		Debug|Any CPU = Debug|Any CPU
		Release|Any CPU = Release|Any CPU
	EndGlobalSection
	GlobalSection(ProjectConfigurationPlatforms) = postSolution
		{89FD1EC7-1E93-4E9E-B76E-2F7A8EB406E7}.Debug|Any CPU.ActiveCfg = Debug|Any CPU
		{89FD1EC7-1E93-4E9E-B76E-2F7A8EB406E7}.Debug|Any CPU.Build.0 = Debug|Any CPU
		{89FD1EC7-1E93-4E9E-B76E-2F7A8EB406E7}.Release|Any CPU.ActiveCfg = Release|Any CPU
		{89FD1EC7-1E93-4E9E-B76E-2F7A8EB406E7}.Release|Any CPU.Build.0 = Release|Any CPU
	EndGlobalSection
	GlobalSection(SolutionProperties) = preSolution
		HideSolutionNode = FALSE
	EndGlobalSection
	GlobalSection(ExtensibilityGlobals) = postSolution
		SolutionGuid = {E329B60B-BD90-44A2-8884-BA40D8600CA0}
	EndGlobalSection
EndGlobal
