
Microsoft Visual Studio Solution File, Format Version 12.00
# Visual Studio Version 17
VisualStudioVersion = 17.0.32126.317
MinimumVisualStudioVersion = 10.0.40219.1
Project("{9A19103F-16F7-4668-BE54-9A1E7A4F7556}") = "EtfParser", "EtfParser\EtfParser.csproj", "{4CF77BE8-4161-4D29-B926-F9642E6EB635}"
EndProject
Project("{FAE04EC0-301F-11D3-BF4B-00C04F79EFBC}") = "EtfParser_Tests", "EtfParser_Tests\EtfParser_Tests.csproj", "{C1249EE5-81FF-4BBA-ADA7-14CF4134618F}"
EndProject
Global
	GlobalSection(SolutionConfigurationPlatforms) = preSolution
		Debug|Any CPU = Debug|Any CPU
		Release|Any CPU = Release|Any CPU
	EndGlobalSection
	GlobalSection(ProjectConfigurationPlatforms) = postSolution
		{4CF77BE8-4161-4D29-B926-F9642E6EB635}.Debug|Any CPU.ActiveCfg = Debug|Any CPU
		{4CF77BE8-4161-4D29-B926-F9642E6EB635}.Debug|Any CPU.Build.0 = Debug|Any CPU
		{4CF77BE8-4161-4D29-B926-F9642E6EB635}.Release|Any CPU.ActiveCfg = Release|Any CPU
		{4CF77BE8-4161-4D29-B926-F9642E6EB635}.Release|Any CPU.Build.0 = Release|Any CPU
		{C1249EE5-81FF-4BBA-ADA7-14CF4134618F}.Debug|Any CPU.ActiveCfg = Debug|Any CPU
		{C1249EE5-81FF-4BBA-ADA7-14CF4134618F}.Debug|Any CPU.Build.0 = Debug|Any CPU
		{C1249EE5-81FF-4BBA-ADA7-14CF4134618F}.Release|Any CPU.ActiveCfg = Release|Any CPU
		{C1249EE5-81FF-4BBA-ADA7-14CF4134618F}.Release|Any CPU.Build.0 = Release|Any CPU
	EndGlobalSection
	GlobalSection(SolutionProperties) = preSolution
		HideSolutionNode = FALSE
	EndGlobalSection
	GlobalSection(ExtensibilityGlobals) = postSolution
		SolutionGuid = {D601F0D0-C82E-4918-9630-35BDE935B4FD}
	EndGlobalSection
EndGlobal
